
Microsoft Visual Studio Solution File, Format Version 12.00
# Visual Studio Version 17
VisualStudioVersion = 17.13.35806.99
MinimumVisualStudioVersion = 10.0.40219.1
Project("{FAE04EC0-301F-11D3-BF4B-00C04F79EFBC}") = "DynamicFieldsFormApp", "DynamicFieldsFormApp\DynamicFieldsFormApp.csproj", "{206AE528-5FFC-43FA-9E8B-A4B782684D30}"
EndProject
Global
	GlobalSection(SolutionConfigurationPlatforms) = preSolution
		Debug|Any CPU = Debug|Any CPU
		Release|Any CPU = Release|Any CPU
	EndGlobalSection
	GlobalSection(ProjectConfigurationPlatforms) = postSolution
		{206AE528-5FFC-43FA-9E8B-A4B782684D30}.Debug|Any CPU.ActiveCfg = Debug|Any CPU
		{206AE528-5FFC-43FA-9E8B-A4B782684D30}.Debug|Any CPU.Build.0 = Debug|Any CPU
		{206AE528-5FFC-43FA-9E8B-A4B782684D30}.Release|Any CPU.ActiveCfg = Release|Any CPU
		{206AE528-5FFC-43FA-9E8B-A4B782684D30}.Release|Any CPU.Build.0 = Release|Any CPU
	EndGlobalSection
	GlobalSection(SolutionProperties) = preSolution
		HideSolutionNode = FALSE
	EndGlobalSection
	GlobalSection(ExtensibilityGlobals) = postSolution
		SolutionGuid = {EB7CE41F-3863-4CAB-B261-965E3CB0B0CC}
	EndGlobalSection
EndGlobal
